
Microsoft Visual Studio Solution File, Format Version 12.00
# Visual Studio Version 17
VisualStudioVersion = 17.0.31912.275
MinimumVisualStudioVersion = 10.0.40219.1
Project("{FAE04EC0-301F-11D3-BF4B-00C04F79EFBC}") = "PaystactIntegrationWithDotNet", "PaystactIntegrationWithDotNet\PaystactIntegrationWithDotNet.csproj", "{3D8CBE5F-4BF3-4079-BB03-D9845E923461}"
EndProject
Global
	GlobalSection(SolutionConfigurationPlatforms) = preSolution
		Debug|Any CPU = Debug|Any CPU
		Release|Any CPU = Release|Any CPU
	EndGlobalSection
	GlobalSection(ProjectConfigurationPlatforms) = postSolution
		{3D8CBE5F-4BF3-4079-BB03-D9845E923461}.Debug|Any CPU.ActiveCfg = Debug|Any CPU
		{3D8CBE5F-4BF3-4079-BB03-D9845E923461}.Debug|Any CPU.Build.0 = Debug|Any CPU
		{3D8CBE5F-4BF3-4079-BB03-D9845E923461}.Release|Any CPU.ActiveCfg = Release|Any CPU
		{3D8CBE5F-4BF3-4079-BB03-D9845E923461}.Release|Any CPU.Build.0 = Release|Any CPU
	EndGlobalSection
	GlobalSection(SolutionProperties) = preSolution
		HideSolutionNode = FALSE
	EndGlobalSection
	GlobalSection(ExtensibilityGlobals) = postSolution
		SolutionGuid = {E80FE378-C040-49C3-8BA5-7740E726CF4E}
	EndGlobalSection
EndGlobal
